// !$*UTF8*$!
{
	archiveVersion = 1;
	classes = {
	};
	objectVersion = 50;
	objects = {

/* Begin PBXBuildFile section */
		B71783C523DDDE1200FF6A00 /* AppDelegate.swift in Sources */ = {isa = PBXBuildFile; fileRef = B71783C423DDDE1200FF6A00 /* AppDelegate.swift */; };
		B71783C723DDDE1200FF6A00 /* SceneDelegate.swift in Sources */ = {isa = PBXBuildFile; fileRef = B71783C623DDDE1200FF6A00 /* SceneDelegate.swift */; };
		B71783C923DDDE1200FF6A00 /* ViewController.swift in Sources */ = {isa = PBXBuildFile; fileRef = B71783C823DDDE1200FF6A00 /* ViewController.swift */; };
		B71783CC23DDDE1200FF6A00 /* Main.storyboard in Resources */ = {isa = PBXBuildFile; fileRef = B71783CA23DDDE1200FF6A00 /* Main.storyboard */; };
		B71783CE23DDDE1300FF6A00 /* Assets.xcassets in Resources */ = {isa = PBXBuildFile; fileRef = B71783CD23DDDE1300FF6A00 /* Assets.xcassets */; };
		B71783D123DDDE1300FF6A00 /* LaunchScreen.storyboard in Resources */ = {isa = PBXBuildFile; fileRef = B71783CF23DDDE1300FF6A00 /* LaunchScreen.storyboard */; };
		B71783D923DDEB0D00FF6A00 /* ImageCollectionViewCell.swift in Sources */ = {isa = PBXBuildFile; fileRef = B71783D823DDEB0D00FF6A00 /* ImageCollectionViewCell.swift */; };
		B7D51ED723E0C62E00B0D1C1 /* ImageLoader.swift in Sources */ = {isa = PBXBuildFile; fileRef = B7D51ED623E0C62E00B0D1C1 /* ImageLoader.swift */; };
/* End PBXBuildFile section */

/* Begin PBXFileReference section */
		B71783C123DDDE1200FF6A00 /* Quest.app */ = {isa = PBXFileReference; explicitFileType = wrapper.application; includeInIndex = 0; path = Quest.app; sourceTree = BUILT_PRODUCTS_DIR; };
		B71783C423DDDE1200FF6A00 /* AppDelegate.swift */ = {isa = PBXFileReference; lastKnownFileType = sourcecode.swift; path = AppDelegate.swift; sourceTree = "<group>"; };
		B71783C623DDDE1200FF6A00 /* SceneDelegate.swift */ = {isa = PBXFileReference; lastKnownFileType = sourcecode.swift; path = SceneDelegate.swift; sourceTree = "<group>"; };
		B71783C823DDDE1200FF6A00 /* ViewController.swift */ = {isa = PBXFileReference; lastKnownFileType = sourcecode.swift; path = ViewController.swift; sourceTree = "<group>"; };
		B71783CB23DDDE1200FF6A00 /* Base */ = {isa = PBXFileReference; lastKnownFileType = file.storyboard; name = Base; path = Base.lproj/Main.storyboard; sourceTree = "<group>"; };
		B71783CD23DDDE1300FF6A00 /* Assets.xcassets */ = {isa = PBXFileReference; lastKnownFileType = folder.assetcatalog; path = Assets.xcassets; sourceTree = "<group>"; };
		B71783D023DDDE1300FF6A00 /* Base */ = {isa = PBXFileReference; lastKnownFileType = file.storyboard; name = Base; path = Base.lproj/LaunchScreen.storyboard; sourceTree = "<group>"; };
		B71783D223DDDE1300FF6A00 /* Info.plist */ = {isa = PBXFileReference; lastKnownFileType = text.plist.xml; path = Info.plist; sourceTree = "<group>"; };
		B71783D823DDEB0D00FF6A00 /* ImageCollectionViewCell.swift */ = {isa = PBXFileReference; lastKnownFileType = sourcecode.swift; path = ImageCollectionViewCell.swift; sourceTree = "<group>"; };
		B7D51ED623E0C62E00B0D1C1 /* ImageLoader.swift */ = {isa = PBXFileReference; lastKnownFileType = sourcecode.swift; path = ImageLoader.swift; sourceTree = "<group>"; };
/* End PBXFileReference section */

/* Begin PBXFrameworksBuildPhase section */
		B71783BE23DDDE1200FF6A00 /* Frameworks */ = {
			isa = PBXFrameworksBuildPhase;
			buildActionMask = 2147483647;
			files = (
			);
			runOnlyForDeploymentPostprocessing = 0;
		};
/* End PBXFrameworksBuildPhase section */

/* Begin PBXGroup section */
		B71783B823DDDE1200FF6A00 = {
			isa = PBXGroup;
			children = (
				B71783C323DDDE1200FF6A00 /* Quest */,
				B71783C223DDDE1200FF6A00 /* Products */,
			);
			sourceTree = "<group>";
		};
		B71783C223DDDE1200FF6A00 /* Products */ = {
			isa = PBXGroup;
			children = (
				B71783C123DDDE1200FF6A00 /* Quest.app */,
			);
			name = Products;
			sourceTree = "<group>";
		};
		B71783C323DDDE1200FF6A00 /* Quest */ = {
			isa = PBXGroup;
			children = (
				B71783C423DDDE1200FF6A00 /* AppDelegate.swift */,
				B71783C623DDDE1200FF6A00 /* SceneDelegate.swift */,
				B71783C823DDDE1200FF6A00 /* ViewController.swift */,
				B71783CA23DDDE1200FF6A00 /* Main.storyboard */,
				B71783CD23DDDE1300FF6A00 /* Assets.xcassets */,
				B71783CF23DDDE1300FF6A00 /* LaunchScreen.storyboard */,
				B71783D223DDDE1300FF6A00 /* Info.plist */,
				B71783D823DDEB0D00FF6A00 /* ImageCollectionViewCell.swift */,
				B7D51ED623E0C62E00B0D1C1 /* ImageLoader.swift */,
			);
			path = Quest;
			sourceTree = "<group>";
		};
/* End PBXGroup section */

/* Begin PBXNativeTarget section */
		B71783C023DDDE1200FF6A00 /* Quest */ = {
			isa = PBXNativeTarget;
			buildConfigurationList = B71783D523DDDE1300FF6A00 /* Build configuration list for PBXNativeTarget "Quest" */;
			buildPhases = (
				B71783BD23DDDE1200FF6A00 /* Sources */,
				B71783BE23DDDE1200FF6A00 /* Frameworks */,
				B71783BF23DDDE1200FF6A00 /* Resources */,
			);
			buildRules = (
			);
			dependencies = (
			);
			name = Quest;
			productName = Quest;
			productReference = B71783C123DDDE1200FF6A00 /* Quest.app */;
			productType = "com.apple.product-type.application";
		};
/* End PBXNativeTarget section */

/* Begin PBXProject section */
		B71783B923DDDE1200FF6A00 /* Project object */ = {
			isa = PBXProject;
			attributes = {
				LastSwiftUpdateCheck = 1100;
				LastUpgradeCheck = 1100;
				ORGANIZATIONNAME = "anton bobr";
				TargetAttributes = {
					B71783C023DDDE1200FF6A00 = {
						CreatedOnToolsVersion = 11.0;
					};
				};
			};
			buildConfigurationList = B71783BC23DDDE1200FF6A00 /* Build configuration list for PBXProject "Quest" */;
			compatibilityVersion = "Xcode 9.3";
			developmentRegion = en;
			hasScannedForEncodings = 0;
			knownRegions = (
				en,
				Base,
			);
			mainGroup = B71783B823DDDE1200FF6A00;
			productRefGroup = B71783C223DDDE1200FF6A00 /* Products */;
			projectDirPath = "";
			projectRoot = "";
			targets = (
				B71783C023DDDE1200FF6A00 /* Quest */,
			);
		};
/* End PBXProject section */

/* Begin PBXResourcesBuildPhase section */
		B71783BF23DDDE1200FF6A00 /* Resources */ = {
			isa = PBXResourcesBuildPhase;
			buildActionMask = 2147483647;
			files = (
				B71783D123DDDE1300FF6A00 /* LaunchScreen.storyboard in Resources */,
				B71783CE23DDDE1300FF6A00 /* Assets.xcassets in Resources */,
				B71783CC23DDDE1200FF6A00 /* Main.storyboard in Resources */,
			);
			runOnlyForDeploymentPostprocessing = 0;
		};
/* End PBXResourcesBuildPhase section */

/* Begin PBXSourcesBuildPhase section */
		B71783BD23DDDE1200FF6A00 /* Sources */ = {
			isa = PBXSourcesBuildPhase;
			buildActionMask = 2147483647;
			files = (
				B71783C923DDDE1200FF6A00 /* ViewController.swift in Sources */,
				B71783C523DDDE1200FF6A00 /* AppDelegate.swift in Sources */,
				B7D51ED723E0C62E00B0D1C1 /* ImageLoader.swift in Sources */,
				B71783D923DDEB0D00FF6A00 /* ImageCollectionViewCell.swift in Sources */,
				B71783C723DDDE1200FF6A00 /* SceneDelegate.swift in Sources */,
			);
			runOnlyForDeploymentPostprocessing = 0;
		};
/* End PBXSourcesBuildPhase section */

/* Begin PBXVariantGroup section */
		B71783CA23DDDE1200FF6A00 /* Main.storyboard */ = {
			isa = PBXVariantGroup;
			children = (
				B71783CB23DDDE1200FF6A00 /* Base */,
			);
			name = Main.storyboard;
			sourceTree = "<group>";
		};
		B71783CF23DDDE1300FF6A00 /* LaunchScreen.storyboard */ = {
			isa = PBXVariantGroup;
			children = (
				B71783D023DDDE1300FF6A00 /* Base */,
			);
			name = LaunchScreen.storyboard;
			sourceTree = "<group>";
		};
/* End PBXVariantGroup section */

/* Begin XCBuildConfiguration section */
		B71783D323DDDE1300FF6A00 /* Debug */ = {
			isa = XCBuildConfiguration;
			buildSettings = {
				ALWAYS_SEARCH_USER_PATHS = NO;
				CLANG_ANALYZER_NONNULL = YES;
				CLANG_ANALYZER_NUMBER_OBJECT_CONVERSION = YES_AGGRESSIVE;
				CLANG_CXX_LANGUAGE_STANDARD = "gnu++14";
				CLANG_CXX_LIBRARY = "libc++";
				CLANG_ENABLE_MODULES = YES;
				CLANG_ENABLE_OBJC_ARC = YES;
				CLANG_ENABLE_OBJC_WEAK = YES;
				CLANG_WARN_BLOCK_CAPTURE_AUTORELEASING = YES;
				CLANG_WARN_BOOL_CONVERSION = YES;
				CLANG_WARN_COMMA = YES;
				CLANG_WARN_CONSTANT_CONVERSION = YES;
				CLANG_WARN_DEPRECATED_OBJC_IMPLEMENTATIONS = YES;
				CLANG_WARN_DIRECT_OBJC_ISA_USAGE = YES_ERROR;
				CLANG_WARN_DOCUMENTATION_COMMENTS = YES;
				CLANG_WARN_EMPTY_BODY = YES;
				CLANG_WARN_ENUM_CONVERSION = YES;
				CLANG_WARN_INFINITE_RECURSION = YES;
				CLANG_WARN_INT_CONVERSION = YES;
				CLANG_WARN_NON_LITERAL_NULL_CONVERSION = YES;
				CLANG_WARN_OBJC_IMPLICIT_RETAIN_SELF = YES;
				CLANG_WARN_OBJC_LITERAL_CONVERSION = YES;
				CLANG_WARN_OBJC_ROOT_CLASS = YES_ERROR;
				CLANG_WARN_RANGE_LOOP_ANALYSIS = YES;
				CLANG_WARN_STRICT_PROTOTYPES = YES;
				CLANG_WARN_SUSPICIOUS_MOVE = YES;
				CLANG_WARN_UNGUARDED_AVAILABILITY = YES_AGGRESSIVE;
				CLANG_WARN_UNREACHABLE_CODE = YES;
				CLANG_WARN__DUPLICATE_METHOD_MATCH = YES;
				COPY_PHASE_STRIP = NO;
				DEBUG_INFORMATION_FORMAT = dwarf;
				ENABLE_STRICT_OBJC_MSGSEND = YES;
				ENABLE_TESTABILITY = YES;
				GCC_C_LANGUAGE_STANDARD = gnu11;
				GCC_DYNAMIC_NO_PIC = NO;
				GCC_NO_COMMON_BLOCKS = YES;
				GCC_OPTIMIZATION_LEVEL = 0;
				GCC_PREPROCESSOR_DEFINITIONS = (
					"DEBUG=1",
					"$(inherited)",
				);
				GCC_WARN_64_TO_32_BIT_CONVERSION = YES;
				GCC_WARN_ABOUT_RETURN_TYPE = YES_ERROR;
				GCC_WARN_UNDECLARED_SELECTOR = YES;
				GCC_WARN_UNINITIALIZED_AUTOS = YES_AGGRESSIVE;
				GCC_WARN_UNUSED_FUNCTION = YES;
				GCC_WARN_UNUSED_VARIABLE = YES;
				IPHONEOS_DEPLOYMENT_TARGET = 13.0;
				MTL_ENABLE_DEBUG_INFO = INCLUDE_SOURCE;
				MTL_FAST_MATH = YES;
				ONLY_ACTIVE_ARCH = YES;
				SDKROOT = iphoneos;
				SWIFT_ACTIVE_COMPILATION_CONDITIONS = DEBUG;
				SWIFT_OPTIMIZATION_LEVEL = "-Onone";
			};
			name = Debug;
		};
		B71783D423DDDE1300FF6A00 /* Release */ = {
			isa = XCBuildConfiguration;
			buildSettings = {
				ALWAYS_SEARCH_USER_PATHS = NO;
				CLANG_ANALYZER_NONNULL = YES;
				CLANG_ANALYZER_NUMBER_OBJECT_CONVERSION = YES_AGGRESSIVE;
				CLANG_CXX_LANGUAGE_STANDARD = "gnu++14";
				CLANG_CXX_LIBRARY = "libc++";
				CLANG_ENABLE_MODULES = YES;
				CLANG_ENABLE_OBJC_ARC = YES;
				CLANG_ENABLE_OBJC_WEAK = YES;
				CLANG_WARN_BLOCK_CAPTURE_AUTORELEASING = YES;
				CLANG_WARN_BOOL_CONVERSION = YES;
				CLANG_WARN_COMMA = YES;
				CLANG_WARN_CONSTANT_CONVERSION = YES;
				CLANG_WARN_DEPRECATED_OBJC_IMPLEMENTATIONS = YES;
				CLANG_WARN_DIRECT_OBJC_ISA_USAGE = YES_ERROR;
				CLANG_WARN_DOCUMENTATION_COMMENTS = YES;
				CLANG_WARN_EMPTY_BODY = YES;
				CLANG_WARN_ENUM_CONVERSION = YES;
				CLANG_WARN_INFINITE_RECURSION = YES;
				CLANG_WARN_INT_CONVERSION = YES;
				CLANG_WARN_NON_LITERAL_NULL_CONVERSION = YES;
				CLANG_WARN_OBJC_IMPLICIT_RETAIN_SELF = YES;
				CLANG_WARN_OBJC_LITERAL_CONVERSION = YES;
				CLANG_WARN_OBJC_ROOT_CLASS = YES_ERROR;
				CLANG_WARN_RANGE_LOOP_ANALYSIS = YES;
				CLANG_WARN_STRICT_PROTOTYPES = YES;
				CLANG_WARN_SUSPICIOUS_MOVE = YES;
				CLANG_WARN_UNGUARDED_AVAILABILITY = YES_AGGRESSIVE;
				CLANG_WARN_UNREACHABLE_CODE = YES;
				CLANG_WARN__DUPLICATE_METHOD_MATCH = YES;
				COPY_PHASE_STRIP = NO;
				DEBUG_INFORMATION_FORMAT = "dwarf-with-dsym";
				ENABLE_NS_ASSERTIONS = NO;
				ENABLE_STRICT_OBJC_MSGSEND = YES;
				GCC_C_LANGUAGE_STANDARD = gnu11;
				GCC_NO_COMMON_BLOCKS = YES;
				GCC_WARN_64_TO_32_BIT_CONVERSION = YES;
				GCC_WARN_ABOUT_RETURN_TYPE = YES_ERROR;
				GCC_WARN_UNDECLARED_SELECTOR = YES;
				GCC_WARN_UNINITIALIZED_AUTOS = YES_AGGRESSIVE;
				GCC_WARN_UNUSED_FUNCTION = YES;
				GCC_WARN_UNUSED_VARIABLE = YES;
				IPHONEOS_DEPLOYMENT_TARGET = 13.0;
				MTL_ENABLE_DEBUG_INFO = NO;
				MTL_FAST_MATH = YES;
				SDKROOT = iphoneos;
				SWIFT_COMPILATION_MODE = wholemodule;
				SWIFT_OPTIMIZATION_LEVEL = "-O";
				VALIDATE_PRODUCT = YES;
			};
			name = Release;
		};
		B71783D623DDDE1300FF6A00 /* Debug */ = {
			isa = XCBuildConfiguration;
			buildSettings = {
				ASSETCATALOG_COMPILER_APPICON_NAME = AppIcon;
				CODE_SIGN_STYLE = Automatic;
				INFOPLIST_FILE = Quest/Info.plist;
				IPHONEOS_DEPLOYMENT_TARGET = 13.0;
				LD_RUNPATH_SEARCH_PATHS = (
					"$(inherited)",
					"@executable_path/Frameworks",
				);
				PRODUCT_BUNDLE_IDENTIFIER = "anton-bobr.Quest";
				PRODUCT_NAME = "$(TARGET_NAME)";
				SWIFT_VERSION = 5.0;
				TARGETED_DEVICE_FAMILY = "1,2";
			};
			name = Debug;
		};
		B71783D723DDDE1300FF6A00 /* Release */ = {
			isa = XCBuildConfiguration;
			buildSettings = {
				ASSETCATALOG_COMPILER_APPICON_NAME = AppIcon;
				CODE_SIGN_STYLE = Automatic;
				INFOPLIST_FILE = Quest/Info.plist;
				IPHONEOS_DEPLOYMENT_TARGET = 13.0;
				LD_RUNPATH_SEARCH_PATHS = (
					"$(inherited)",
					"@executable_path/Frameworks",
				);
				PRODUCT_BUNDLE_IDENTIFIER = "anton-bobr.Quest";
				PRODUCT_NAME = "$(TARGET_NAME)";
				SWIFT_VERSION = 5.0;
				TARGETED_DEVICE_FAMILY = "1,2";
			};
			name = Release;
		};
/* End XCBuildConfiguration section */

/* Begin XCConfigurationList section */
		B71783BC23DDDE1200FF6A00 /* Build configuration list for PBXProject "Quest" */ = {
			isa = XCConfigurationList;
			buildConfigurations = (
				B71783D323DDDE1300FF6A00 /* Debug */,
				B71783D423DDDE1300FF6A00 /* Release */,
			);
			defaultConfigurationIsVisible = 0;
			defaultConfigurationName = Release;
		};
		B71783D523DDDE1300FF6A00 /* Build configuration list for PBXNativeTarget "Quest" */ = {
			isa = XCConfigurationList;
			buildConfigurations = (
				B71783D623DDDE1300FF6A00 /* Debug */,
				B71783D723DDDE1300FF6A00 /* Release */,
			);
			defaultConfigurationIsVisible = 0;
			defaultConfigurationName = Release;
		};
/* End XCConfigurationList section */
	};
	rootObject = B71783B923DDDE1200FF6A00 /* Project object */;
}
